
Microsoft Visual Studio Solution File, Format Version 12.00
# Visual Studio Version 16
VisualStudioVersion = 16.0.31005.135
MinimumVisualStudioVersion = 10.0.40219.1
Project("{FAE04EC0-301F-11D3-BF4B-00C04F79EFBC}") = "psi-3", "psi-3\psi-3.csproj", "{0F69072E-8761-46E1-B00D-D90AFDAC1047}"
EndProject
Global
	GlobalSection(SolutionConfigurationPlatforms) = preSolution
		Debug|Any CPU = Debug|Any CPU
		Release|Any CPU = Release|Any CPU
	EndGlobalSection
	GlobalSection(ProjectConfigurationPlatforms) = postSolution
		{0F69072E-8761-46E1-B00D-D90AFDAC1047}.Debug|Any CPU.ActiveCfg = Debug|Any CPU
		{0F69072E-8761-46E1-B00D-D90AFDAC1047}.Debug|Any CPU.Build.0 = Debug|Any CPU
		{0F69072E-8761-46E1-B00D-D90AFDAC1047}.Release|Any CPU.ActiveCfg = Release|Any CPU
		{0F69072E-8761-46E1-B00D-D90AFDAC1047}.Release|Any CPU.Build.0 = Release|Any CPU
	EndGlobalSection
	GlobalSection(SolutionProperties) = preSolution
		HideSolutionNode = FALSE
	EndGlobalSection
	GlobalSection(ExtensibilityGlobals) = postSolution
		SolutionGuid = {941B8323-BB6F-4B30-BF9E-E55000A0D7B0}
	EndGlobalSection
EndGlobal
